
Microsoft Visual Studio Solution File, Format Version 12.00
# Visual Studio Version 17
VisualStudioVersion = 17.3.32929.385
MinimumVisualStudioVersion = 10.0.40219.1
Project("{9A19103F-16F7-4668-BE54-9A1E7A4F7556}") = "MindBoxLibrary", "MindBoxLibrary\MindBoxLibrary.csproj", "{9195CCDF-563F-43A1-960E-A221FE744C9B}"
EndProject
Project("{FAE04EC0-301F-11D3-BF4B-00C04F79EFBC}") = "TestsMindBoxLibrary", "TestsMindBoxLibrary\TestsMindBoxLibrary.csproj", "{C20CD7B2-904A-473E-972B-380DCDC2D574}"
EndProject
Global
	GlobalSection(SolutionConfigurationPlatforms) = preSolution
		Debug|Any CPU = Debug|Any CPU
		Release|Any CPU = Release|Any CPU
	EndGlobalSection
	GlobalSection(ProjectConfigurationPlatforms) = postSolution
		{9195CCDF-563F-43A1-960E-A221FE744C9B}.Debug|Any CPU.ActiveCfg = Debug|Any CPU
		{9195CCDF-563F-43A1-960E-A221FE744C9B}.Debug|Any CPU.Build.0 = Debug|Any CPU
		{9195CCDF-563F-43A1-960E-A221FE744C9B}.Release|Any CPU.ActiveCfg = Release|Any CPU
		{9195CCDF-563F-43A1-960E-A221FE744C9B}.Release|Any CPU.Build.0 = Release|Any CPU
		{C20CD7B2-904A-473E-972B-380DCDC2D574}.Debug|Any CPU.ActiveCfg = Debug|Any CPU
		{C20CD7B2-904A-473E-972B-380DCDC2D574}.Debug|Any CPU.Build.0 = Debug|Any CPU
		{C20CD7B2-904A-473E-972B-380DCDC2D574}.Release|Any CPU.ActiveCfg = Release|Any CPU
		{C20CD7B2-904A-473E-972B-380DCDC2D574}.Release|Any CPU.Build.0 = Release|Any CPU
	EndGlobalSection
	GlobalSection(SolutionProperties) = preSolution
		HideSolutionNode = FALSE
	EndGlobalSection
	GlobalSection(ExtensibilityGlobals) = postSolution
		SolutionGuid = {4E239585-88CC-4255-9AB8-544FF11AA1A1}
	EndGlobalSection
EndGlobal
